
Microsoft Visual Studio Solution File, Format Version 12.00
# Visual Studio Version 16
VisualStudioVersion = 16.0.30225.117
MinimumVisualStudioVersion = 10.0.40219.1
Project("{9A19103F-16F7-4668-BE54-9A1E7A4F7556}") = "JoinVsOrderedPairing", "JoinVsOrderedPairing.csproj", "{CEF34524-5663-4027-9B49-4641BB361E91}"
EndProject
Project("{2150E333-8FDC-42A3-9474-1A3956D46DE8}") = "Solution Items", "Solution Items", "{4D8AC7FD-4D20-4905-AAD2-F0D516A2E5AC}"
	ProjectSection(SolutionItems) = preProject
		.editorconfig = .editorconfig
	EndProjectSection
EndProject
Project("{9A19103F-16F7-4668-BE54-9A1E7A4F7556}") = "JoinVsOrderedPairingTest", "..\JoinVsOrderedPairingTest\JoinVsOrderedPairingTest.csproj", "{71745F01-2F81-4D18-A6E8-02C7A77D1DD9}"
EndProject
Project("{FAE04EC0-301F-11D3-BF4B-00C04F79EFBC}") = "JoinVsOrderedPairingBenchmark", "..\JoinVsOrderedPairingBenchmark\JoinVsOrderedPairingBenchmark.csproj", "{6BA951F7-B370-4B5D-9ACC-96469666D618}"
EndProject
Global
	GlobalSection(SolutionConfigurationPlatforms) = preSolution
		Debug|Any CPU = Debug|Any CPU
		Release|Any CPU = Release|Any CPU
	EndGlobalSection
	GlobalSection(ProjectConfigurationPlatforms) = postSolution
		{CEF34524-5663-4027-9B49-4641BB361E91}.Debug|Any CPU.ActiveCfg = Debug|Any CPU
		{CEF34524-5663-4027-9B49-4641BB361E91}.Debug|Any CPU.Build.0 = Debug|Any CPU
		{CEF34524-5663-4027-9B49-4641BB361E91}.Release|Any CPU.ActiveCfg = Release|Any CPU
		{CEF34524-5663-4027-9B49-4641BB361E91}.Release|Any CPU.Build.0 = Release|Any CPU
		{71745F01-2F81-4D18-A6E8-02C7A77D1DD9}.Debug|Any CPU.ActiveCfg = Debug|Any CPU
		{71745F01-2F81-4D18-A6E8-02C7A77D1DD9}.Debug|Any CPU.Build.0 = Debug|Any CPU
		{71745F01-2F81-4D18-A6E8-02C7A77D1DD9}.Release|Any CPU.ActiveCfg = Release|Any CPU
		{71745F01-2F81-4D18-A6E8-02C7A77D1DD9}.Release|Any CPU.Build.0 = Release|Any CPU
		{6BA951F7-B370-4B5D-9ACC-96469666D618}.Debug|Any CPU.ActiveCfg = Debug|Any CPU
		{6BA951F7-B370-4B5D-9ACC-96469666D618}.Debug|Any CPU.Build.0 = Debug|Any CPU
		{6BA951F7-B370-4B5D-9ACC-96469666D618}.Release|Any CPU.ActiveCfg = Release|Any CPU
		{6BA951F7-B370-4B5D-9ACC-96469666D618}.Release|Any CPU.Build.0 = Release|Any CPU
	EndGlobalSection
	GlobalSection(SolutionProperties) = preSolution
		HideSolutionNode = FALSE
	EndGlobalSection
	GlobalSection(ExtensibilityGlobals) = postSolution
		SolutionGuid = {07E876F0-FB3F-4D83-8A90-5A0BC3448D91}
	EndGlobalSection
EndGlobal
